// !$*UTF8*$!
{
	archiveVersion = 1;
	classes = {
	};
	objectVersion = 50;
	objects = {

/* Begin PBXBuildFile section */
		6CFBB89D22364D78003CBCDE /* AppDelegate.swift in Sources */ = {isa = PBXBuildFile; fileRef = 6CFBB89C22364D78003CBCDE /* AppDelegate.swift */; };
		6CFBB89F22364D78003CBCDE /* ViewController.swift in Sources */ = {isa = PBXBuildFile; fileRef = 6CFBB89E22364D78003CBCDE /* ViewController.swift */; };
		6CFBB8A222364D78003CBCDE /* Main.storyboard in Resources */ = {isa = PBXBuildFile; fileRef = 6CFBB8A022364D78003CBCDE /* Main.storyboard */; };
		6CFBB8A422364D7A003CBCDE /* Assets.xcassets in Resources */ = {isa = PBXBuildFile; fileRef = 6CFBB8A322364D7A003CBCDE /* Assets.xcassets */; };
		6CFBB8A722364D7A003CBCDE /* LaunchScreen.storyboard in Resources */ = {isa = PBXBuildFile; fileRef = 6CFBB8A522364D7A003CBCDE /* LaunchScreen.storyboard */; };
		6CFBB8AF22364E46003CBCDE /* BVBlurCell.swift in Sources */ = {isa = PBXBuildFile; fileRef = 6CFBB8AE22364E46003CBCDE /* BVBlurCell.swift */; };
		6CFBB8B122364FF1003CBCDE /* UIImageEffects.swift in Sources */ = {isa = PBXBuildFile; fileRef = 6CFBB8B022364FF1003CBCDE /* UIImageEffects.swift */; };
		6CFBB8B6223650E7003CBCDE /* MyContentCell.swift in Sources */ = {isa = PBXBuildFile; fileRef = 6CFBB8B4223650E7003CBCDE /* MyContentCell.swift */; };
		6CFBB8B7223650E7003CBCDE /* MyContentCell.xib in Resources */ = {isa = PBXBuildFile; fileRef = 6CFBB8B5223650E7003CBCDE /* MyContentCell.xib */; };
/* End PBXBuildFile section */

/* Begin PBXFileReference section */
		6CFBB89922364D78003CBCDE /* SwiftBlurView.app */ = {isa = PBXFileReference; explicitFileType = wrapper.application; includeInIndex = 0; path = SwiftBlurView.app; sourceTree = BUILT_PRODUCTS_DIR; };
		6CFBB89C22364D78003CBCDE /* AppDelegate.swift */ = {isa = PBXFileReference; lastKnownFileType = sourcecode.swift; path = AppDelegate.swift; sourceTree = "<group>"; };
		6CFBB89E22364D78003CBCDE /* ViewController.swift */ = {isa = PBXFileReference; lastKnownFileType = sourcecode.swift; path = ViewController.swift; sourceTree = "<group>"; };
		6CFBB8A122364D78003CBCDE /* Base */ = {isa = PBXFileReference; lastKnownFileType = file.storyboard; name = Base; path = Base.lproj/Main.storyboard; sourceTree = "<group>"; };
		6CFBB8A322364D7A003CBCDE /* Assets.xcassets */ = {isa = PBXFileReference; lastKnownFileType = folder.assetcatalog; path = Assets.xcassets; sourceTree = "<group>"; };
		6CFBB8A622364D7A003CBCDE /* Base */ = {isa = PBXFileReference; lastKnownFileType = file.storyboard; name = Base; path = Base.lproj/LaunchScreen.storyboard; sourceTree = "<group>"; };
		6CFBB8A822364D7A003CBCDE /* Info.plist */ = {isa = PBXFileReference; lastKnownFileType = text.plist.xml; path = Info.plist; sourceTree = "<group>"; };
		6CFBB8AE22364E46003CBCDE /* BVBlurCell.swift */ = {isa = PBXFileReference; lastKnownFileType = sourcecode.swift; path = BVBlurCell.swift; sourceTree = "<group>"; };
		6CFBB8B022364FF1003CBCDE /* UIImageEffects.swift */ = {isa = PBXFileReference; fileEncoding = 4; lastKnownFileType = sourcecode.swift; path = UIImageEffects.swift; sourceTree = "<group>"; };
		6CFBB8B4223650E7003CBCDE /* MyContentCell.swift */ = {isa = PBXFileReference; lastKnownFileType = sourcecode.swift; path = MyContentCell.swift; sourceTree = "<group>"; };
		6CFBB8B5223650E7003CBCDE /* MyContentCell.xib */ = {isa = PBXFileReference; lastKnownFileType = file.xib; path = MyContentCell.xib; sourceTree = "<group>"; };
/* End PBXFileReference section */

/* Begin PBXFrameworksBuildPhase section */
		6CFBB89622364D78003CBCDE /* Frameworks */ = {
			isa = PBXFrameworksBuildPhase;
			buildActionMask = 2147483647;
			files = (
			);
			runOnlyForDeploymentPostprocessing = 0;
		};
/* End PBXFrameworksBuildPhase section */

/* Begin PBXGroup section */
		6CFBB89022364D78003CBCDE = {
			isa = PBXGroup;
			children = (
				6CFBB89B22364D78003CBCDE /* SwiftBlurView */,
				6CFBB89A22364D78003CBCDE /* Products */,
			);
			sourceTree = "<group>";
		};
		6CFBB89A22364D78003CBCDE /* Products */ = {
			isa = PBXGroup;
			children = (
				6CFBB89922364D78003CBCDE /* SwiftBlurView.app */,
			);
			name = Products;
			sourceTree = "<group>";
		};
		6CFBB89B22364D78003CBCDE /* SwiftBlurView */ = {
			isa = PBXGroup;
			children = (
				6CFBB89C22364D78003CBCDE /* AppDelegate.swift */,
				6CFBB89E22364D78003CBCDE /* ViewController.swift */,
				6CFBB8A022364D78003CBCDE /* Main.storyboard */,
				6CFBB8A322364D7A003CBCDE /* Assets.xcassets */,
				6CFBB8A522364D7A003CBCDE /* LaunchScreen.storyboard */,
				6CFBB8A822364D7A003CBCDE /* Info.plist */,
				6CFBB8B022364FF1003CBCDE /* UIImageEffects.swift */,
				6CFBB8AE22364E46003CBCDE /* BVBlurCell.swift */,
				6CFBB8B4223650E7003CBCDE /* MyContentCell.swift */,
				6CFBB8B5223650E7003CBCDE /* MyContentCell.xib */,
			);
			path = SwiftBlurView;
			sourceTree = "<group>";
		};
/* End PBXGroup section */

/* Begin PBXNativeTarget section */
		6CFBB89822364D78003CBCDE /* SwiftBlurView */ = {
			isa = PBXNativeTarget;
			buildConfigurationList = 6CFBB8AB22364D7A003CBCDE /* Build configuration list for PBXNativeTarget "SwiftBlurView" */;
			buildPhases = (
				6CFBB89522364D78003CBCDE /* Sources */,
				6CFBB89622364D78003CBCDE /* Frameworks */,
				6CFBB89722364D78003CBCDE /* Resources */,
			);
			buildRules = (
			);
			dependencies = (
			);
			name = SwiftBlurView;
			productName = SwiftBlurView;
			productReference = 6CFBB89922364D78003CBCDE /* SwiftBlurView.app */;
			productType = "com.apple.product-type.application";
		};
/* End PBXNativeTarget section */

/* Begin PBXProject section */
		6CFBB89122364D78003CBCDE /* Project object */ = {
			isa = PBXProject;
			attributes = {
				LastSwiftUpdateCheck = 1010;
				LastUpgradeCheck = 1010;
				ORGANIZATIONNAME = comp;
				TargetAttributes = {
					6CFBB89822364D78003CBCDE = {
						CreatedOnToolsVersion = 10.1;
					};
				};
			};
			buildConfigurationList = 6CFBB89422364D78003CBCDE /* Build configuration list for PBXProject "SwiftBlurView" */;
			compatibilityVersion = "Xcode 9.3";
			developmentRegion = en;
			hasScannedForEncodings = 0;
			knownRegions = (
				en,
				Base,
			);
			mainGroup = 6CFBB89022364D78003CBCDE;
			productRefGroup = 6CFBB89A22364D78003CBCDE /* Products */;
			projectDirPath = "";
			projectRoot = "";
			targets = (
				6CFBB89822364D78003CBCDE /* SwiftBlurView */,
			);
		};
/* End PBXProject section */

/* Begin PBXResourcesBuildPhase section */
		6CFBB89722364D78003CBCDE /* Resources */ = {
			isa = PBXResourcesBuildPhase;
			buildActionMask = 2147483647;
			files = (
				6CFBB8A722364D7A003CBCDE /* LaunchScreen.storyboard in Resources */,
				6CFBB8A422364D7A003CBCDE /* Assets.xcassets in Resources */,
				6CFBB8A222364D78003CBCDE /* Main.storyboard in Resources */,
				6CFBB8B7223650E7003CBCDE /* MyContentCell.xib in Resources */,
			);
			runOnlyForDeploymentPostprocessing = 0;
		};
/* End PBXResourcesBuildPhase section */

/* Begin PBXSourcesBuildPhase section */
		6CFBB89522364D78003CBCDE /* Sources */ = {
			isa = PBXSourcesBuildPhase;
			buildActionMask = 2147483647;
			files = (
				6CFBB8B122364FF1003CBCDE /* UIImageEffects.swift in Sources */,
				6CFBB89F22364D78003CBCDE /* ViewController.swift in Sources */,
				6CFBB8B6223650E7003CBCDE /* MyContentCell.swift in Sources */,
				6CFBB89D22364D78003CBCDE /* AppDelegate.swift in Sources */,
				6CFBB8AF22364E46003CBCDE /* BVBlurCell.swift in Sources */,
			);
			runOnlyForDeploymentPostprocessing = 0;
		};
/* End PBXSourcesBuildPhase section */

/* Begin PBXVariantGroup section */
		6CFBB8A022364D78003CBCDE /* Main.storyboard */ = {
			isa = PBXVariantGroup;
			children = (
				6CFBB8A122364D78003CBCDE /* Base */,
			);
			name = Main.storyboard;
			sourceTree = "<group>";
		};
		6CFBB8A522364D7A003CBCDE /* LaunchScreen.storyboard */ = {
			isa = PBXVariantGroup;
			children = (
				6CFBB8A622364D7A003CBCDE /* Base */,
			);
			name = LaunchScreen.storyboard;
			sourceTree = "<group>";
		};
/* End PBXVariantGroup section */

/* Begin XCBuildConfiguration section */
		6CFBB8A922364D7A003CBCDE /* Debug */ = {
			isa = XCBuildConfiguration;
			buildSettings = {
				ALWAYS_SEARCH_USER_PATHS = NO;
				CLANG_ANALYZER_NONNULL = YES;
				CLANG_ANALYZER_NUMBER_OBJECT_CONVERSION = YES_AGGRESSIVE;
				CLANG_CXX_LANGUAGE_STANDARD = "gnu++14";
				CLANG_CXX_LIBRARY = "libc++";
				CLANG_ENABLE_MODULES = YES;
				CLANG_ENABLE_OBJC_ARC = YES;
				CLANG_ENABLE_OBJC_WEAK = YES;
				CLANG_WARN_BLOCK_CAPTURE_AUTORELEASING = YES;
				CLANG_WARN_BOOL_CONVERSION = YES;
				CLANG_WARN_COMMA = YES;
				CLANG_WARN_CONSTANT_CONVERSION = YES;
				CLANG_WARN_DEPRECATED_OBJC_IMPLEMENTATIONS = YES;
				CLANG_WARN_DIRECT_OBJC_ISA_USAGE = YES_ERROR;
				CLANG_WARN_DOCUMENTATION_COMMENTS = YES;
				CLANG_WARN_EMPTY_BODY = YES;
				CLANG_WARN_ENUM_CONVERSION = YES;
				CLANG_WARN_INFINITE_RECURSION = YES;
				CLANG_WARN_INT_CONVERSION = YES;
				CLANG_WARN_NON_LITERAL_NULL_CONVERSION = YES;
				CLANG_WARN_OBJC_IMPLICIT_RETAIN_SELF = YES;
				CLANG_WARN_OBJC_LITERAL_CONVERSION = YES;
				CLANG_WARN_OBJC_ROOT_CLASS = YES_ERROR;
				CLANG_WARN_RANGE_LOOP_ANALYSIS = YES;
				CLANG_WARN_STRICT_PROTOTYPES = YES;
				CLANG_WARN_SUSPICIOUS_MOVE = YES;
				CLANG_WARN_UNGUARDED_AVAILABILITY = YES_AGGRESSIVE;
				CLANG_WARN_UNREACHABLE_CODE = YES;
				CLANG_WARN__DUPLICATE_METHOD_MATCH = YES;
				CODE_SIGN_IDENTITY = "iPhone Developer";
				COPY_PHASE_STRIP = NO;
				DEBUG_INFORMATION_FORMAT = dwarf;
				ENABLE_STRICT_OBJC_MSGSEND = YES;
				ENABLE_TESTABILITY = YES;
				GCC_C_LANGUAGE_STANDARD = gnu11;
				GCC_DYNAMIC_NO_PIC = NO;
				GCC_NO_COMMON_BLOCKS = YES;
				GCC_OPTIMIZATION_LEVEL = 0;
				GCC_PREPROCESSOR_DEFINITIONS = (
					"DEBUG=1",
					"$(inherited)",
				);
				GCC_WARN_64_TO_32_BIT_CONVERSION = YES;
				GCC_WARN_ABOUT_RETURN_TYPE = YES_ERROR;
				GCC_WARN_UNDECLARED_SELECTOR = YES;
				GCC_WARN_UNINITIALIZED_AUTOS = YES_AGGRESSIVE;
				GCC_WARN_UNUSED_FUNCTION = YES;
				GCC_WARN_UNUSED_VARIABLE = YES;
				IPHONEOS_DEPLOYMENT_TARGET = 12.1;
				MTL_ENABLE_DEBUG_INFO = INCLUDE_SOURCE;
				MTL_FAST_MATH = YES;
				ONLY_ACTIVE_ARCH = YES;
				SDKROOT = iphoneos;
				SWIFT_ACTIVE_COMPILATION_CONDITIONS = DEBUG;
				SWIFT_OPTIMIZATION_LEVEL = "-Onone";
			};
			name = Debug;
		};
		6CFBB8AA22364D7A003CBCDE /* Release */ = {
			isa = XCBuildConfiguration;
			buildSettings = {
				ALWAYS_SEARCH_USER_PATHS = NO;
				CLANG_ANALYZER_NONNULL = YES;
				CLANG_ANALYZER_NUMBER_OBJECT_CONVERSION = YES_AGGRESSIVE;
				CLANG_CXX_LANGUAGE_STANDARD = "gnu++14";
				CLANG_CXX_LIBRARY = "libc++";
				CLANG_ENABLE_MODULES = YES;
				CLANG_ENABLE_OBJC_ARC = YES;
				CLANG_ENABLE_OBJC_WEAK = YES;
				CLANG_WARN_BLOCK_CAPTURE_AUTORELEASING = YES;
				CLANG_WARN_BOOL_CONVERSION = YES;
				CLANG_WARN_COMMA = YES;
				CLANG_WARN_CONSTANT_CONVERSION = YES;
				CLANG_WARN_DEPRECATED_OBJC_IMPLEMENTATIONS = YES;
				CLANG_WARN_DIRECT_OBJC_ISA_USAGE = YES_ERROR;
				CLANG_WARN_DOCUMENTATION_COMMENTS = YES;
				CLANG_WARN_EMPTY_BODY = YES;
				CLANG_WARN_ENUM_CONVERSION = YES;
				CLANG_WARN_INFINITE_RECURSION = YES;
				CLANG_WARN_INT_CONVERSION = YES;
				CLANG_WARN_NON_LITERAL_NULL_CONVERSION = YES;
				CLANG_WARN_OBJC_IMPLICIT_RETAIN_SELF = YES;
				CLANG_WARN_OBJC_LITERAL_CONVERSION = YES;
				CLANG_WARN_OBJC_ROOT_CLASS = YES_ERROR;
				CLANG_WARN_RANGE_LOOP_ANALYSIS = YES;
				CLANG_WARN_STRICT_PROTOTYPES = YES;
				CLANG_WARN_SUSPICIOUS_MOVE = YES;
				CLANG_WARN_UNGUARDED_AVAILABILITY = YES_AGGRESSIVE;
				CLANG_WARN_UNREACHABLE_CODE = YES;
				CLANG_WARN__DUPLICATE_METHOD_MATCH = YES;
				CODE_SIGN_IDENTITY = "iPhone Developer";
				COPY_PHASE_STRIP = NO;
				DEBUG_INFORMATION_FORMAT = "dwarf-with-dsym";
				ENABLE_NS_ASSERTIONS = NO;
				ENABLE_STRICT_OBJC_MSGSEND = YES;
				GCC_C_LANGUAGE_STANDARD = gnu11;
				GCC_NO_COMMON_BLOCKS = YES;
				GCC_WARN_64_TO_32_BIT_CONVERSION = YES;
				GCC_WARN_ABOUT_RETURN_TYPE = YES_ERROR;
				GCC_WARN_UNDECLARED_SELECTOR = YES;
				GCC_WARN_UNINITIALIZED_AUTOS = YES_AGGRESSIVE;
				GCC_WARN_UNUSED_FUNCTION = YES;
				GCC_WARN_UNUSED_VARIABLE = YES;
				IPHONEOS_DEPLOYMENT_TARGET = 12.1;
				MTL_ENABLE_DEBUG_INFO = NO;
				MTL_FAST_MATH = YES;
				SDKROOT = iphoneos;
				SWIFT_COMPILATION_MODE = wholemodule;
				SWIFT_OPTIMIZATION_LEVEL = "-O";
				VALIDATE_PRODUCT = YES;
			};
			name = Release;
		};
		6CFBB8AC22364D7A003CBCDE /* Debug */ = {
			isa = XCBuildConfiguration;
			buildSettings = {
				ASSETCATALOG_COMPILER_APPICON_NAME = AppIcon;
				CODE_SIGN_STYLE = Automatic;
				INFOPLIST_FILE = SwiftBlurView/Info.plist;
				LD_RUNPATH_SEARCH_PATHS = (
					"$(inherited)",
					"@executable_path/Frameworks",
				);
				PRODUCT_BUNDLE_IDENTIFIER = com..SwiftBlurView;
				PRODUCT_NAME = "$(TARGET_NAME)";
				SWIFT_VERSION = 4.2;
				TARGETED_DEVICE_FAMILY = "1,2";
			};
			name = Debug;
		};
		6CFBB8AD22364D7A003CBCDE /* Release */ = {
			isa = XCBuildConfiguration;
			buildSettings = {
				ASSETCATALOG_COMPILER_APPICON_NAME = AppIcon;
				CODE_SIGN_STYLE = Automatic;
				INFOPLIST_FILE = SwiftBlurView/Info.plist;
				LD_RUNPATH_SEARCH_PATHS = (
					"$(inherited)",
					"@executable_path/Frameworks",
				);
				PRODUCT_BUNDLE_IDENTIFIER = com..SwiftBlurView;
				PRODUCT_NAME = "$(TARGET_NAME)";
				SWIFT_VERSION = 4.2;
				TARGETED_DEVICE_FAMILY = "1,2";
			};
			name = Release;
		};
/* End XCBuildConfiguration section */

/* Begin XCConfigurationList section */
		6CFBB89422364D78003CBCDE /* Build configuration list for PBXProject "SwiftBlurView" */ = {
			isa = XCConfigurationList;
			buildConfigurations = (
				6CFBB8A922364D7A003CBCDE /* Debug */,
				6CFBB8AA22364D7A003CBCDE /* Release */,
			);
			defaultConfigurationIsVisible = 0;
			defaultConfigurationName = Release;
		};
		6CFBB8AB22364D7A003CBCDE /* Build configuration list for PBXNativeTarget "SwiftBlurView" */ = {
			isa = XCConfigurationList;
			buildConfigurations = (
				6CFBB8AC22364D7A003CBCDE /* Debug */,
				6CFBB8AD22364D7A003CBCDE /* Release */,
			);
			defaultConfigurationIsVisible = 0;
			defaultConfigurationName = Release;
		};
/* End XCConfigurationList section */
	};
	rootObject = 6CFBB89122364D78003CBCDE /* Project object */;
}
